
Microsoft Visual Studio Solution File, Format Version 12.00
# Visual Studio 15
VisualStudioVersion = 15.0.26124.0
MinimumVisualStudioVersion = 15.0.26124.0
Project("{2150E333-8FDC-42A3-9474-1A3956D46DE8}") = "src", "src", "{3EAC7762-E288-4869-8C02-4A28E34313FE}"
EndProject
Project("{FAE04EC0-301F-11D3-BF4B-00C04F79EFBC}") = "ASPNETCore2CookieAuthentication.DomainClasses", "src\ASPNETCore2CookieAuthentication.DomainClasses\ASPNETCore2CookieAuthentication.DomainClasses.csproj", "{F4B90DFD-A299-40B1-81D9-DA8C13317929}"
EndProject
Project("{FAE04EC0-301F-11D3-BF4B-00C04F79EFBC}") = "ASPNETCore2CookieAuthentication.Services", "src\ASPNETCore2CookieAuthentication.Services\ASPNETCore2CookieAuthentication.Services.csproj", "{410C1649-8F60-48F4-843F-E809381B0B4A}"
EndProject
Project("{FAE04EC0-301F-11D3-BF4B-00C04F79EFBC}") = "ASPNETCore2CookieAuthentication.WebApp", "src\ASPNETCore2CookieAuthentication.WebApp\ASPNETCore2CookieAuthentication.WebApp.csproj", "{3F90C1A6-5E48-4D06-842D-0D1C023089A6}"
EndProject
Project("{FAE04EC0-301F-11D3-BF4B-00C04F79EFBC}") = "ASPNETCore2CookieAuthentication.DataLayer", "src\ASPNETCore2CookieAuthentication.DataLayer\ASPNETCore2CookieAuthentication.DataLayer.csproj", "{FB2419DD-8102-4F9F-B515-3D64FF78BEC1}"
EndProject
Project("{FAE04EC0-301F-11D3-BF4B-00C04F79EFBC}") = "ASPNETCore2CookieAuthentication.Common", "src\ASPNETCore2CookieAuthentication.Common\ASPNETCore2CookieAuthentication.Common.csproj", "{1B1DC039-9F0C-480E-8E7F-EA14D7A52264}"
EndProject
Global
	GlobalSection(SolutionConfigurationPlatforms) = preSolution
		Debug|Any CPU = Debug|Any CPU
		Debug|x64 = Debug|x64
		Debug|x86 = Debug|x86
		Release|Any CPU = Release|Any CPU
		Release|x64 = Release|x64
		Release|x86 = Release|x86
	EndGlobalSection
	GlobalSection(SolutionProperties) = preSolution
		HideSolutionNode = FALSE
	EndGlobalSection
	GlobalSection(ProjectConfigurationPlatforms) = postSolution
		{F4B90DFD-A299-40B1-81D9-DA8C13317929}.Debug|Any CPU.ActiveCfg = Debug|Any CPU
		{F4B90DFD-A299-40B1-81D9-DA8C13317929}.Debug|Any CPU.Build.0 = Debug|Any CPU
		{F4B90DFD-A299-40B1-81D9-DA8C13317929}.Debug|x64.ActiveCfg = Debug|Any CPU
		{F4B90DFD-A299-40B1-81D9-DA8C13317929}.Debug|x64.Build.0 = Debug|Any CPU
		{F4B90DFD-A299-40B1-81D9-DA8C13317929}.Debug|x86.ActiveCfg = Debug|Any CPU
		{F4B90DFD-A299-40B1-81D9-DA8C13317929}.Debug|x86.Build.0 = Debug|Any CPU
		{F4B90DFD-A299-40B1-81D9-DA8C13317929}.Release|Any CPU.ActiveCfg = Release|Any CPU
		{F4B90DFD-A299-40B1-81D9-DA8C13317929}.Release|Any CPU.Build.0 = Release|Any CPU
		{F4B90DFD-A299-40B1-81D9-DA8C13317929}.Release|x64.ActiveCfg = Release|Any CPU
		{F4B90DFD-A299-40B1-81D9-DA8C13317929}.Release|x64.Build.0 = Release|Any CPU
		{F4B90DFD-A299-40B1-81D9-DA8C13317929}.Release|x86.ActiveCfg = Release|Any CPU
		{F4B90DFD-A299-40B1-81D9-DA8C13317929}.Release|x86.Build.0 = Release|Any CPU
		{410C1649-8F60-48F4-843F-E809381B0B4A}.Debug|Any CPU.ActiveCfg = Debug|Any CPU
		{410C1649-8F60-48F4-843F-E809381B0B4A}.Debug|Any CPU.Build.0 = Debug|Any CPU
		{410C1649-8F60-48F4-843F-E809381B0B4A}.Debug|x64.ActiveCfg = Debug|Any CPU
		{410C1649-8F60-48F4-843F-E809381B0B4A}.Debug|x64.Build.0 = Debug|Any CPU
		{410C1649-8F60-48F4-843F-E809381B0B4A}.Debug|x86.ActiveCfg = Debug|Any CPU
		{410C1649-8F60-48F4-843F-E809381B0B4A}.Debug|x86.Build.0 = Debug|Any CPU
		{410C1649-8F60-48F4-843F-E809381B0B4A}.Release|Any CPU.ActiveCfg = Release|Any CPU
		{410C1649-8F60-48F4-843F-E809381B0B4A}.Release|Any CPU.Build.0 = Release|Any CPU
		{410C1649-8F60-48F4-843F-E809381B0B4A}.Release|x64.ActiveCfg = Release|Any CPU
		{410C1649-8F60-48F4-843F-E809381B0B4A}.Release|x64.Build.0 = Release|Any CPU
		{410C1649-8F60-48F4-843F-E809381B0B4A}.Release|x86.ActiveCfg = Release|Any CPU
		{410C1649-8F60-48F4-843F-E809381B0B4A}.Release|x86.Build.0 = Release|Any CPU
		{3F90C1A6-5E48-4D06-842D-0D1C023089A6}.Debug|Any CPU.ActiveCfg = Debug|Any CPU
		{3F90C1A6-5E48-4D06-842D-0D1C023089A6}.Debug|Any CPU.Build.0 = Debug|Any CPU
		{3F90C1A6-5E48-4D06-842D-0D1C023089A6}.Debug|x64.ActiveCfg = Debug|Any CPU
		{3F90C1A6-5E48-4D06-842D-0D1C023089A6}.Debug|x64.Build.0 = Debug|Any CPU
		{3F90C1A6-5E48-4D06-842D-0D1C023089A6}.Debug|x86.ActiveCfg = Debug|Any CPU
		{3F90C1A6-5E48-4D06-842D-0D1C023089A6}.Debug|x86.Build.0 = Debug|Any CPU
		{3F90C1A6-5E48-4D06-842D-0D1C023089A6}.Release|Any CPU.ActiveCfg = Release|Any CPU
		{3F90C1A6-5E48-4D06-842D-0D1C023089A6}.Release|Any CPU.Build.0 = Release|Any CPU
		{3F90C1A6-5E48-4D06-842D-0D1C023089A6}.Release|x64.ActiveCfg = Release|Any CPU
		{3F90C1A6-5E48-4D06-842D-0D1C023089A6}.Release|x64.Build.0 = Release|Any CPU
		{3F90C1A6-5E48-4D06-842D-0D1C023089A6}.Release|x86.ActiveCfg = Release|Any CPU
		{3F90C1A6-5E48-4D06-842D-0D1C023089A6}.Release|x86.Build.0 = Release|Any CPU
		{FB2419DD-8102-4F9F-B515-3D64FF78BEC1}.Debug|Any CPU.ActiveCfg = Debug|Any CPU
		{FB2419DD-8102-4F9F-B515-3D64FF78BEC1}.Debug|Any CPU.Build.0 = Debug|Any CPU
		{FB2419DD-8102-4F9F-B515-3D64FF78BEC1}.Debug|x64.ActiveCfg = Debug|Any CPU
		{FB2419DD-8102-4F9F-B515-3D64FF78BEC1}.Debug|x64.Build.0 = Debug|Any CPU
		{FB2419DD-8102-4F9F-B515-3D64FF78BEC1}.Debug|x86.ActiveCfg = Debug|Any CPU
		{FB2419DD-8102-4F9F-B515-3D64FF78BEC1}.Debug|x86.Build.0 = Debug|Any CPU
		{FB2419DD-8102-4F9F-B515-3D64FF78BEC1}.Release|Any CPU.ActiveCfg = Release|Any CPU
		{FB2419DD-8102-4F9F-B515-3D64FF78BEC1}.Release|Any CPU.Build.0 = Release|Any CPU
		{FB2419DD-8102-4F9F-B515-3D64FF78BEC1}.Release|x64.ActiveCfg = Release|Any CPU
		{FB2419DD-8102-4F9F-B515-3D64FF78BEC1}.Release|x64.Build.0 = Release|Any CPU
		{FB2419DD-8102-4F9F-B515-3D64FF78BEC1}.Release|x86.ActiveCfg = Release|Any CPU
		{FB2419DD-8102-4F9F-B515-3D64FF78BEC1}.Release|x86.Build.0 = Release|Any CPU
		{1B1DC039-9F0C-480E-8E7F-EA14D7A52264}.Debug|Any CPU.ActiveCfg = Debug|Any CPU
		{1B1DC039-9F0C-480E-8E7F-EA14D7A52264}.Debug|Any CPU.Build.0 = Debug|Any CPU
		{1B1DC039-9F0C-480E-8E7F-EA14D7A52264}.Debug|x64.ActiveCfg = Debug|Any CPU
		{1B1DC039-9F0C-480E-8E7F-EA14D7A52264}.Debug|x64.Build.0 = Debug|Any CPU
		{1B1DC039-9F0C-480E-8E7F-EA14D7A52264}.Debug|x86.ActiveCfg = Debug|Any CPU
		{1B1DC039-9F0C-480E-8E7F-EA14D7A52264}.Debug|x86.Build.0 = Debug|Any CPU
		{1B1DC039-9F0C-480E-8E7F-EA14D7A52264}.Release|Any CPU.ActiveCfg = Release|Any CPU
		{1B1DC039-9F0C-480E-8E7F-EA14D7A52264}.Release|Any CPU.Build.0 = Release|Any CPU
		{1B1DC039-9F0C-480E-8E7F-EA14D7A52264}.Release|x64.ActiveCfg = Release|Any CPU
		{1B1DC039-9F0C-480E-8E7F-EA14D7A52264}.Release|x64.Build.0 = Release|Any CPU
		{1B1DC039-9F0C-480E-8E7F-EA14D7A52264}.Release|x86.ActiveCfg = Release|Any CPU
		{1B1DC039-9F0C-480E-8E7F-EA14D7A52264}.Release|x86.Build.0 = Release|Any CPU
	EndGlobalSection
	GlobalSection(NestedProjects) = preSolution
		{F4B90DFD-A299-40B1-81D9-DA8C13317929} = {3EAC7762-E288-4869-8C02-4A28E34313FE}
		{410C1649-8F60-48F4-843F-E809381B0B4A} = {3EAC7762-E288-4869-8C02-4A28E34313FE}
		{3F90C1A6-5E48-4D06-842D-0D1C023089A6} = {3EAC7762-E288-4869-8C02-4A28E34313FE}
		{FB2419DD-8102-4F9F-B515-3D64FF78BEC1} = {3EAC7762-E288-4869-8C02-4A28E34313FE}
		{1B1DC039-9F0C-480E-8E7F-EA14D7A52264} = {3EAC7762-E288-4869-8C02-4A28E34313FE}
	EndGlobalSection
EndGlobal
