Microsoft Visual Studio Solution File, Format Version 12.00
# Visual Studio 15
VisualStudioVersion = 15.0.26228.4
MinimumVisualStudioVersion = 15.0.26124.0
Project("{2150E333-8FDC-42A3-9474-1A3956D46DE8}") = "src", "src", "{71A2662C-DEC6-47FF-9835-E6F83F66E766}"
EndProject
Project("{9A19103F-16F7-4668-BE54-9A1E7A4F7556}") = "ASPNETCore2CookieAuthentication.DomainClasses", "src\ASPNETCore2CookieAuthentication.DomainClasses\ASPNETCore2CookieAuthentication.DomainClasses.csproj", "{27C8609C-7D9D-4A1C-BE1F-1C6FE3BCE8FD}"
EndProject
Project("{9A19103F-16F7-4668-BE54-9A1E7A4F7556}") = "ASPNETCore2CookieAuthentication.Services", "src\ASPNETCore2CookieAuthentication.Services\ASPNETCore2CookieAuthentication.Services.csproj", "{F21D2BB4-ABA5-4AAD-BE37-0F077A94BF3B}"
EndProject
Project("{9A19103F-16F7-4668-BE54-9A1E7A4F7556}") = "ASPNETCore2CookieAuthentication.WebApp", "src\ASPNETCore2CookieAuthentication.WebApp\ASPNETCore2CookieAuthentication.WebApp.csproj", "{7A1C27BA-7430-463D-AE3E-0C949AF121DB}"
EndProject
Project("{9A19103F-16F7-4668-BE54-9A1E7A4F7556}") = "ASPNETCore2CookieAuthentication.DataLayer", "src\ASPNETCore2CookieAuthentication.DataLayer\ASPNETCore2CookieAuthentication.DataLayer.csproj", "{40AE4F92-F6EA-479A-AC6C-A8A0ABECA619}"
EndProject
Project("{9A19103F-16F7-4668-BE54-9A1E7A4F7556}") = "ASPNETCore2CookieAuthentication.Common", "src\ASPNETCore2CookieAuthentication.Common\ASPNETCore2CookieAuthentication.Common.csproj", "{E95BA8CD-F7FB-4DE5-BEC6-B21AB932EBC3}"
EndProject
Global
	GlobalSection(SolutionConfigurationPlatforms) = preSolution
		Debug|Any CPU = Debug|Any CPU
		Debug|x64 = Debug|x64
		Debug|x86 = Debug|x86
		Release|Any CPU = Release|Any CPU
		Release|x64 = Release|x64
		Release|x86 = Release|x86
	EndGlobalSection
	GlobalSection(ProjectConfigurationPlatforms) = postSolution
		{27C8609C-7D9D-4A1C-BE1F-1C6FE3BCE8FD}.Debug|Any CPU.ActiveCfg = Debug|Any CPU
		{27C8609C-7D9D-4A1C-BE1F-1C6FE3BCE8FD}.Debug|Any CPU.Build.0 = Debug|Any CPU
		{27C8609C-7D9D-4A1C-BE1F-1C6FE3BCE8FD}.Debug|x64.ActiveCfg = Debug|Any CPU
		{27C8609C-7D9D-4A1C-BE1F-1C6FE3BCE8FD}.Debug|x64.Build.0 = Debug|Any CPU
		{27C8609C-7D9D-4A1C-BE1F-1C6FE3BCE8FD}.Debug|x86.ActiveCfg = Debug|Any CPU
		{27C8609C-7D9D-4A1C-BE1F-1C6FE3BCE8FD}.Debug|x86.Build.0 = Debug|Any CPU
		{27C8609C-7D9D-4A1C-BE1F-1C6FE3BCE8FD}.Release|Any CPU.ActiveCfg = Release|Any CPU
		{27C8609C-7D9D-4A1C-BE1F-1C6FE3BCE8FD}.Release|Any CPU.Build.0 = Release|Any CPU
		{27C8609C-7D9D-4A1C-BE1F-1C6FE3BCE8FD}.Release|x64.ActiveCfg = Release|Any CPU
		{27C8609C-7D9D-4A1C-BE1F-1C6FE3BCE8FD}.Release|x64.Build.0 = Release|Any CPU
		{27C8609C-7D9D-4A1C-BE1F-1C6FE3BCE8FD}.Release|x86.ActiveCfg = Release|Any CPU
		{27C8609C-7D9D-4A1C-BE1F-1C6FE3BCE8FD}.Release|x86.Build.0 = Release|Any CPU
		{F21D2BB4-ABA5-4AAD-BE37-0F077A94BF3B}.Debug|Any CPU.ActiveCfg = Debug|Any CPU
		{F21D2BB4-ABA5-4AAD-BE37-0F077A94BF3B}.Debug|Any CPU.Build.0 = Debug|Any CPU
		{F21D2BB4-ABA5-4AAD-BE37-0F077A94BF3B}.Debug|x64.ActiveCfg = Debug|Any CPU
		{F21D2BB4-ABA5-4AAD-BE37-0F077A94BF3B}.Debug|x64.Build.0 = Debug|Any CPU
		{F21D2BB4-ABA5-4AAD-BE37-0F077A94BF3B}.Debug|x86.ActiveCfg = Debug|Any CPU
		{F21D2BB4-ABA5-4AAD-BE37-0F077A94BF3B}.Debug|x86.Build.0 = Debug|Any CPU
		{F21D2BB4-ABA5-4AAD-BE37-0F077A94BF3B}.Release|Any CPU.ActiveCfg = Release|Any CPU
		{F21D2BB4-ABA5-4AAD-BE37-0F077A94BF3B}.Release|Any CPU.Build.0 = Release|Any CPU
		{F21D2BB4-ABA5-4AAD-BE37-0F077A94BF3B}.Release|x64.ActiveCfg = Release|Any CPU
		{F21D2BB4-ABA5-4AAD-BE37-0F077A94BF3B}.Release|x64.Build.0 = Release|Any CPU
		{F21D2BB4-ABA5-4AAD-BE37-0F077A94BF3B}.Release|x86.ActiveCfg = Release|Any CPU
		{F21D2BB4-ABA5-4AAD-BE37-0F077A94BF3B}.Release|x86.Build.0 = Release|Any CPU
		{7A1C27BA-7430-463D-AE3E-0C949AF121DB}.Debug|Any CPU.ActiveCfg = Debug|Any CPU
		{7A1C27BA-7430-463D-AE3E-0C949AF121DB}.Debug|Any CPU.Build.0 = Debug|Any CPU
		{7A1C27BA-7430-463D-AE3E-0C949AF121DB}.Debug|x64.ActiveCfg = Debug|Any CPU
		{7A1C27BA-7430-463D-AE3E-0C949AF121DB}.Debug|x64.Build.0 = Debug|Any CPU
		{7A1C27BA-7430-463D-AE3E-0C949AF121DB}.Debug|x86.ActiveCfg = Debug|Any CPU
		{7A1C27BA-7430-463D-AE3E-0C949AF121DB}.Debug|x86.Build.0 = Debug|Any CPU
		{7A1C27BA-7430-463D-AE3E-0C949AF121DB}.Release|Any CPU.ActiveCfg = Release|Any CPU
		{7A1C27BA-7430-463D-AE3E-0C949AF121DB}.Release|Any CPU.Build.0 = Release|Any CPU
		{7A1C27BA-7430-463D-AE3E-0C949AF121DB}.Release|x64.ActiveCfg = Release|Any CPU
		{7A1C27BA-7430-463D-AE3E-0C949AF121DB}.Release|x64.Build.0 = Release|Any CPU
		{7A1C27BA-7430-463D-AE3E-0C949AF121DB}.Release|x86.ActiveCfg = Release|Any CPU
		{7A1C27BA-7430-463D-AE3E-0C949AF121DB}.Release|x86.Build.0 = Release|Any CPU
		{40AE4F92-F6EA-479A-AC6C-A8A0ABECA619}.Debug|Any CPU.ActiveCfg = Debug|Any CPU
		{40AE4F92-F6EA-479A-AC6C-A8A0ABECA619}.Debug|Any CPU.Build.0 = Debug|Any CPU
		{40AE4F92-F6EA-479A-AC6C-A8A0ABECA619}.Debug|x64.ActiveCfg = Debug|Any CPU
		{40AE4F92-F6EA-479A-AC6C-A8A0ABECA619}.Debug|x64.Build.0 = Debug|Any CPU
		{40AE4F92-F6EA-479A-AC6C-A8A0ABECA619}.Debug|x86.ActiveCfg = Debug|Any CPU
		{40AE4F92-F6EA-479A-AC6C-A8A0ABECA619}.Debug|x86.Build.0 = Debug|Any CPU
		{40AE4F92-F6EA-479A-AC6C-A8A0ABECA619}.Release|Any CPU.ActiveCfg = Release|Any CPU
		{40AE4F92-F6EA-479A-AC6C-A8A0ABECA619}.Release|Any CPU.Build.0 = Release|Any CPU
		{40AE4F92-F6EA-479A-AC6C-A8A0ABECA619}.Release|x64.ActiveCfg = Release|Any CPU
		{40AE4F92-F6EA-479A-AC6C-A8A0ABECA619}.Release|x64.Build.0 = Release|Any CPU
		{40AE4F92-F6EA-479A-AC6C-A8A0ABECA619}.Release|x86.ActiveCfg = Release|Any CPU
		{40AE4F92-F6EA-479A-AC6C-A8A0ABECA619}.Release|x86.Build.0 = Release|Any CPU
		{E95BA8CD-F7FB-4DE5-BEC6-B21AB932EBC3}.Debug|Any CPU.ActiveCfg = Debug|Any CPU
		{E95BA8CD-F7FB-4DE5-BEC6-B21AB932EBC3}.Debug|Any CPU.Build.0 = Debug|Any CPU
		{E95BA8CD-F7FB-4DE5-BEC6-B21AB932EBC3}.Debug|x64.ActiveCfg = Debug|Any CPU
		{E95BA8CD-F7FB-4DE5-BEC6-B21AB932EBC3}.Debug|x64.Build.0 = Debug|Any CPU
		{E95BA8CD-F7FB-4DE5-BEC6-B21AB932EBC3}.Debug|x86.ActiveCfg = Debug|Any CPU
		{E95BA8CD-F7FB-4DE5-BEC6-B21AB932EBC3}.Debug|x86.Build.0 = Debug|Any CPU
		{E95BA8CD-F7FB-4DE5-BEC6-B21AB932EBC3}.Release|Any CPU.ActiveCfg = Release|Any CPU
		{E95BA8CD-F7FB-4DE5-BEC6-B21AB932EBC3}.Release|Any CPU.Build.0 = Release|Any CPU
		{E95BA8CD-F7FB-4DE5-BEC6-B21AB932EBC3}.Release|x64.ActiveCfg = Release|Any CPU
		{E95BA8CD-F7FB-4DE5-BEC6-B21AB932EBC3}.Release|x64.Build.0 = Release|Any CPU
		{E95BA8CD-F7FB-4DE5-BEC6-B21AB932EBC3}.Release|x86.ActiveCfg = Release|Any CPU
		{E95BA8CD-F7FB-4DE5-BEC6-B21AB932EBC3}.Release|x86.Build.0 = Release|Any CPU
	EndGlobalSection
	GlobalSection(SolutionProperties) = preSolution
		HideSolutionNode = FALSE
	EndGlobalSection
	GlobalSection(NestedProjects) = preSolution
		{27C8609C-7D9D-4A1C-BE1F-1C6FE3BCE8FD} = {71A2662C-DEC6-47FF-9835-E6F83F66E766}
		{F21D2BB4-ABA5-4AAD-BE37-0F077A94BF3B} = {71A2662C-DEC6-47FF-9835-E6F83F66E766}
		{7A1C27BA-7430-463D-AE3E-0C949AF121DB} = {71A2662C-DEC6-47FF-9835-E6F83F66E766}
		{40AE4F92-F6EA-479A-AC6C-A8A0ABECA619} = {71A2662C-DEC6-47FF-9835-E6F83F66E766}
		{E95BA8CD-F7FB-4DE5-BEC6-B21AB932EBC3} = {71A2662C-DEC6-47FF-9835-E6F83F66E766}
	EndGlobalSection
EndGlobal
